#MicroXplorer Configuration settings - do not modify
ADC.ContinuousConvMode=ENABLE
ADC.IPParameters=SamplingTime,ContinuousConvMode,ScanConvMode
ADC.SamplingTime=ADC_SAMPLETIME_12CYCLES_5
ADC.ScanConvMode=ADC_SCAN_DIRECTION_FORWARD
File.Version=6
KeepUserPlacement=false
Mcu.Family=STM32L0
Mcu.IP0=ADC
Mcu.IP1=NVIC
Mcu.IP2=RCC
Mcu.IP3=SYS
Mcu.IP4=TIM2
Mcu.IPNb=5
Mcu.Name=STM32L011F(3-4)Ux
Mcu.Package=UFQFPN20
Mcu.Pin0=PA0-CK_IN
Mcu.Pin1=PA1
Mcu.Pin10=VP_SYS_V_PVD_IN
Mcu.Pin11=VP_SYS_VS_Systick
Mcu.Pin12=VP_TIM2_VS_ClockSourceINT
Mcu.Pin2=PA4
Mcu.Pin3=PA5
Mcu.Pin4=PA7
Mcu.Pin5=PB1
Mcu.Pin6=PA13
Mcu.Pin7=PA14
Mcu.Pin8=PB6
Mcu.Pin9=PB9-BOOT0
Mcu.PinsNb=13
Mcu.ThirdPartyNb=0
Mcu.UserConstants=
Mcu.UserName=STM32L011F4Ux
MxCube.Version=5.4.0
MxDb.Version=DB.5.0.40
NVIC.EXTI0_1_IRQn=true\:0\:0\:false\:false\:true\:true\:true
NVIC.ForceEnableDMAVector=true
NVIC.HardFault_IRQn=true\:0\:0\:false\:false\:true\:false\:false
NVIC.NonMaskableInt_IRQn=true\:0\:0\:false\:false\:true\:false\:false
NVIC.PendSV_IRQn=true\:0\:0\:false\:false\:true\:false\:false
NVIC.SVC_IRQn=true\:0\:0\:false\:false\:true\:false\:false
NVIC.SysTick_IRQn=true\:0\:0\:false\:false\:true\:false\:true
PA0-CK_IN.GPIOParameters=GPIO_Label
PA0-CK_IN.GPIO_Label=BUTTON
PA0-CK_IN.Locked=true
PA0-CK_IN.Signal=GPXTI0
PA1.GPIOParameters=GPIO_Label
PA1.GPIO_Label=LED_PWM
PA1.Locked=true
PA1.Signal=S_TIM2_CH2
PA13.Mode=Serial_Wire
PA13.Signal=SYS_SWDIO
PA14.Mode=Serial_Wire
PA14.Signal=SYS_SWCLK
PA4.GPIOParameters=GPIO_PuPd,GPIO_Label
PA4.GPIO_Label=CHARGE
PA4.GPIO_PuPd=GPIO_PULLUP
PA4.Locked=true
PA4.Signal=GPIO_Input
PA5.GPIOParameters=GPIO_Label
PA5.GPIO_Label=BATTERY_V
PA5.Locked=true
PA5.Mode=IN5
PA5.Signal=ADC_IN5
PA7.GPIOParameters=GPIO_Label
PA7.GPIO_Label=LAMP_V
PA7.Locked=true
PA7.Mode=IN7
PA7.Signal=ADC_IN7
PB1.GPIOParameters=GPIO_Label
PB1.GPIO_Label=STATUS_LED
PB1.Locked=true
PB1.Signal=GPIO_Output
PB6.GPIOParameters=GPIO_Label
PB6.GPIO_Label=ENABLE_BATTERY
PB6.Locked=true
PB6.Signal=GPIO_Output
PB9-BOOT0.GPIOParameters=GPIO_Label
PB9-BOOT0.GPIO_Label=BOOT
PB9-BOOT0.Locked=true
PB9-BOOT0.Signal=GPIO_Input
PCC.Checker=true
PCC.Line=STM32L0x1
PCC.MCU=STM32L011F(3-4)Ux
PCC.PartNumber=STM32L011F4Ux
PCC.Seq0=0
PCC.Series=STM32L0
PCC.Temperature=25
PCC.Vdd=3.0
PinOutPanel.RotationAngle=0
ProjectManager.AskForMigrate=true
ProjectManager.BackupPrevious=false
ProjectManager.CompilerOptimize=6
ProjectManager.ComputerToolchain=false
ProjectManager.CoupleFile=false
ProjectManager.CustomerFirmwarePackage=
ProjectManager.DefaultFWLocation=true
ProjectManager.DeletePrevious=true
ProjectManager.DeviceId=STM32L011F4Ux
ProjectManager.FirmwarePackage=STM32Cube FW_L0 V1.11.2
ProjectManager.FreePins=false
ProjectManager.HalAssertFull=false
ProjectManager.HeapSize=0x200
ProjectManager.KeepUserCode=true
ProjectManager.LastFirmware=true
ProjectManager.LibraryCopy=0
ProjectManager.MainLocation=Src
ProjectManager.NoMain=false
ProjectManager.PreviousToolchain=
ProjectManager.ProjectBuild=false
ProjectManager.ProjectFileName=Bonowi_v2.ioc
ProjectManager.ProjectName=Bonowi_v2
ProjectManager.StackSize=0x400
ProjectManager.TargetToolchain=MDK-ARM V5.27
ProjectManager.ToolChainLocation=
ProjectManager.UnderRoot=false
ProjectManager.functionlistsort=1-MX_GPIO_Init-GPIO-false-HAL-true,2-SystemClock_Config-RCC-false-HAL-false,3-MX_TIM2_Init-TIM2-false-HAL-true,4-MX_ADC_Init-ADC-false-HAL-true
RCC.ADCFreq_Value=16000000
RCC.AHBFreq_Value=262144
RCC.APB1Freq_Value=262144
RCC.APB1TimFreq_Value=262144
RCC.APB2Freq_Value=262144
RCC.APB2TimFreq_Value=262144
RCC.FCLKCortexFreq_Value=262144
RCC.FamilyName=M
RCC.HCLKFreq_Value=262144
RCC.HSE_VALUE=8000000
RCC.HSI16_VALUE=16000000
RCC.HSI_VALUE=16000000
RCC.I2C1Freq_Value=262144
RCC.IPParameters=ADCFreq_Value,AHBFreq_Value,APB1Freq_Value,APB1TimFreq_Value,APB2Freq_Value,APB2TimFreq_Value,FCLKCortexFreq_Value,FamilyName,HCLKFreq_Value,HSE_VALUE,HSI16_VALUE,HSI_VALUE,I2C1Freq_Value,LPTIMFreq_Value,LPUARTFreq_Value,LSE_VALUE,LSI_VALUE,MCOPinFreq_Value,MSIClockRange,MSI_VALUE,PLLCLKFreq_Value,PWRFreq_Value,RTCFreq_Value,RTCHSEDivFreq_Value,SYSCLKFreq_VALUE,TIMFreq_Value,TimerFreq_Value,USART2Freq_Value,VCOInputFreq_Value,VCOOutputFreq_Value,WatchDogFreq_Value
RCC.LPTIMFreq_Value=262144
RCC.LPUARTFreq_Value=262144
RCC.LSE_VALUE=32768
RCC.LSI_VALUE=37000
RCC.MCOPinFreq_Value=262144
RCC.MSIClockRange=RCC_MSIRANGE_2
RCC.MSI_VALUE=262144
RCC.PLLCLKFreq_Value=24000000
RCC.PWRFreq_Value=262144
RCC.RTCFreq_Value=37000
RCC.RTCHSEDivFreq_Value=4000000
RCC.SYSCLKFreq_VALUE=262144
RCC.TIMFreq_Value=262144
RCC.TimerFreq_Value=262144
RCC.USART2Freq_Value=262144
RCC.VCOInputFreq_Value=16000000
RCC.VCOOutputFreq_Value=48000000
RCC.WatchDogFreq_Value=37000
SH.GPXTI0.0=GPIO_EXTI0
SH.GPXTI0.ConfNb=1
SH.S_TIM2_CH2.0=TIM2_CH2,PWM Generation2 CH2
SH.S_TIM2_CH2.ConfNb=1
SYS.IPParameters=PVDLevel
SYS.PVDLevel=PWR_PVDLEVEL_6
TIM2.Channel-PWM\ Generation2\ CH2=TIM_CHANNEL_2
TIM2.IPParameters=Channel-PWM Generation2 CH2,Prescaler,Period
TIM2.Period=1000
TIM2.Prescaler=1
VP_SYS_VS_Systick.Mode=SysTick
VP_SYS_VS_Systick.Signal=SYS_VS_Systick
VP_SYS_V_PVD_IN.Mode=Mode_PVD_Int
VP_SYS_V_PVD_IN.Signal=SYS_V_PVD_IN
VP_TIM2_VS_ClockSourceINT.Mode=Internal
VP_TIM2_VS_ClockSourceINT.Signal=TIM2_VS_ClockSourceINT
board=custom
